PODS:
  - CocoaLumberjack/Default (3.1.0)
  - CocoaLumberjack/Swift (3.1.0):
    - CocoaLumberjack/Default

DEPENDENCIES:
  - CocoaLumberjack/Swift

SPEC REPOS:
  https://github.com/cocoapods/specs.git:
    - CocoaLumberjack

SPEC CHECKSUMS:
  CocoaLumberjack: 8311463ddf9ee86a06ef92a071dd656c89244500

PODFILE CHECKSUM: ea832bef6b4956bf8da19d50db85e5e7d7a6cbd8

COCOAPODS: 1.5.3
