// !$*UTF8*$!
{
	archiveVersion = 1;
	classes = {
	};
	objectVersion = 46;
	objects = {

/* Begin PBXBuildFile section */
		3D82D0C5457D56752A4199B8 /* Pods_AgilePoker.framework in Frameworks */ = {isa = PBXBuildFile; fileRef = CEBF32C205FBC7283018847D /* Pods_AgilePoker.framework */; };
		620B08BABCC6985579A9328B /* Pods_AgilePokerUITests.framework in Frameworks */ = {isa = PBXBuildFile; fileRef = 6BF84A58985C853C1E0E15B7 /* Pods_AgilePokerUITests.framework */; };
		661F391A1F009A2300CE8D44 /* FontAwesome.otf in Resources */ = {isa = PBXBuildFile; fileRef = 661F39191F00997D00CE8D44 /* FontAwesome.otf */; };
		661F391D1F009C3100CE8D44 /* SettingsViewController.swift in Sources */ = {isa = PBXBuildFile; fileRef = 661F391B1F009C3100CE8D44 /* SettingsViewController.swift */; };
		661F391E1F009C3100CE8D44 /* SettingsViewController.xib in Resources */ = {isa = PBXBuildFile; fileRef = 661F391C1F009C3100CE8D44 /* SettingsViewController.xib */; };
		661F39201F00A77A00CE8D44 /* HexColor.swift in Sources */ = {isa = PBXBuildFile; fileRef = 661F391F1F00A77A00CE8D44 /* HexColor.swift */; };
		664C58441EFED185007C5085 /* AppDelegate.swift in Sources */ = {isa = PBXBuildFile; fileRef = 664C58431EFED185007C5085 /* AppDelegate.swift */; };
		664C584B1EFED185007C5085 /* Assets.xcassets in Resources */ = {isa = PBXBuildFile; fileRef = 664C584A1EFED185007C5085 /* Assets.xcassets */; };
		664C58591EFED185007C5085 /* AgilePokerTests.swift in Sources */ = {isa = PBXBuildFile; fileRef = 664C58581EFED185007C5085 /* AgilePokerTests.swift */; };
		664C58641EFED185007C5085 /* AgilePokerUITests.swift in Sources */ = {isa = PBXBuildFile; fileRef = 664C58631EFED185007C5085 /* AgilePokerUITests.swift */; };
		664C587A1EFED214007C5085 /* MainViewController.swift in Sources */ = {isa = PBXBuildFile; fileRef = 664C58781EFED214007C5085 /* MainViewController.swift */; };
		664C587B1EFED214007C5085 /* MainViewController.xib in Resources */ = {isa = PBXBuildFile; fileRef = 664C58791EFED214007C5085 /* MainViewController.xib */; };
		666FD5561EFF2D0700D18DBD /* PlayingCardCollectionViewCell.swift in Sources */ = {isa = PBXBuildFile; fileRef = 666FD5541EFF2D0700D18DBD /* PlayingCardCollectionViewCell.swift */; };
		666FD5571EFF2D0700D18DBD /* PlayingCardCollectionViewCell.xib in Resources */ = {isa = PBXBuildFile; fileRef = 666FD5551EFF2D0700D18DBD /* PlayingCardCollectionViewCell.xib */; };
		666FD55A1EFF2ECC00D18DBD /* CircularCollectionViewLayout.swift in Sources */ = {isa = PBXBuildFile; fileRef = 666FD5591EFF2ECC00D18DBD /* CircularCollectionViewLayout.swift */; };
		666FD55E1EFF2F6B00D18DBD /* LaunchScreenViewController.swift in Sources */ = {isa = PBXBuildFile; fileRef = 666FD55C1EFF2F6B00D18DBD /* LaunchScreenViewController.swift */; };
		666FD55F1EFF2F6B00D18DBD /* LaunchScreenViewController.xib in Resources */ = {isa = PBXBuildFile; fileRef = 666FD55D1EFF2F6B00D18DBD /* LaunchScreenViewController.xib */; };
		666FD5611EFF312900D18DBD /* CircularCollectionViewLayoutAttributes.swift in Sources */ = {isa = PBXBuildFile; fileRef = 666FD5601EFF312900D18DBD /* CircularCollectionViewLayoutAttributes.swift */; };
		666FD5631EFF437100D18DBD /* Media.xcassets in Resources */ = {isa = PBXBuildFile; fileRef = 666FD5621EFF437100D18DBD /* Media.xcassets */; };
		666FD5651EFF4CB700D18DBD /* Decks.plist in Resources */ = {isa = PBXBuildFile; fileRef = 666FD5641EFF4CB700D18DBD /* Decks.plist */; };
		666FD5671EFF4DC400D18DBD /* Fibonacci.plist in Resources */ = {isa = PBXBuildFile; fileRef = 666FD5661EFF4DC400D18DBD /* Fibonacci.plist */; };
		666FD5691EFF4DD700D18DBD /* TShirt.plist in Resources */ = {isa = PBXBuildFile; fileRef = 666FD5681EFF4DD700D18DBD /* TShirt.plist */; };
		666FD56B1EFF4DE700D18DBD /* ZeroToThree.plist in Resources */ = {isa = PBXBuildFile; fileRef = 666FD56A1EFF4DE700D18DBD /* ZeroToThree.plist */; };
		666FD56D1EFF4EEC00D18DBD /* Card.swift in Sources */ = {isa = PBXBuildFile; fileRef = 666FD56C1EFF4EEC00D18DBD /* Card.swift */; };
		66785EC71F0C6AC600A5DEB3 /* MessageBroker.swift in Sources */ = {isa = PBXBuildFile; fileRef = 66785EC61F0C6AC600A5DEB3 /* MessageBroker.swift */; };
		66785ECA1F0C6B0300A5DEB3 /* SettingsMessage.swift in Sources */ = {isa = PBXBuildFile; fileRef = 66785EC91F0C6B0300A5DEB3 /* SettingsMessage.swift */; };
		66785ECC1F0C76FE00A5DEB3 /* AppBackgroundImages.plist in Resources */ = {isa = PBXBuildFile; fileRef = 66785ECB1F0C76FE00A5DEB3 /* AppBackgroundImages.plist */; };
		66785ED11F0C785600A5DEB3 /* BackgroundImageSettingCollectionViewCell.swift in Sources */ = {isa = PBXBuildFile; fileRef = 66785ECF1F0C785600A5DEB3 /* BackgroundImageSettingCollectionViewCell.swift */; };
		66785ED21F0C785600A5DEB3 /* BackgroundImageSettingCollectionViewCell.xib in Resources */ = {isa = PBXBuildFile; fileRef = 66785ED01F0C785600A5DEB3 /* BackgroundImageSettingCollectionViewCell.xib */; };
		66AFF5011F0012720025A5FD /* CardViewController.swift in Sources */ = {isa = PBXBuildFile; fileRef = 66AFF4FF1F0012720025A5FD /* CardViewController.swift */; };
		66AFF5021F0012720025A5FD /* CardViewController.xib in Resources */ = {isa = PBXBuildFile; fileRef = 66AFF5001F0012720025A5FD /* CardViewController.xib */; };
		7FD5DB2D226A876D0F2EF896 /* Pods_AgilePokerTests.framework in Frameworks */ = {isa = PBXBuildFile; fileRef = AECDD25B46B39BFBEDAABCCF /* Pods_AgilePokerTests.framework */; };
/* End PBXBuildFile section */

/* Begin PBXContainerItemProxy section */
		664C58551EFED185007C5085 /* PBXContainerItemProxy */ = {
			isa = PBXContainerItemProxy;
			containerPortal = 664C58381EFED185007C5085 /* Project object */;
			proxyType = 1;
			remoteGlobalIDString = 664C583F1EFED185007C5085;
			remoteInfo = AgilePoker;
		};
		664C58601EFED185007C5085 /* PBXContainerItemProxy */ = {
			isa = PBXContainerItemProxy;
			containerPortal = 664C58381EFED185007C5085 /* Project object */;
			proxyType = 1;
			remoteGlobalIDString = 664C583F1EFED185007C5085;
			remoteInfo = AgilePoker;
		};
/* End PBXContainerItemProxy section */

/* Begin PBXFileReference section */
		0D04A4AC26B09DC467861D2A /* Pods-AgilePokerUITests.release.xcconfig */ = {isa = PBXFileReference; includeInIndex = 1; lastKnownFileType = text.xcconfig; name = "Pods-AgilePokerUITests.release.xcconfig"; path = "Pods/Target Support Files/Pods-AgilePokerUITests/Pods-AgilePokerUITests.release.xcconfig"; sourceTree = "<group>"; };
		2B58F6D3FAC1B3EC7588A52B /* Pods-AgilePoker.debug.xcconfig */ = {isa = PBXFileReference; includeInIndex = 1; lastKnownFileType = text.xcconfig; name = "Pods-AgilePoker.debug.xcconfig"; path = "Pods/Target Support Files/Pods-AgilePoker/Pods-AgilePoker.debug.xcconfig"; sourceTree = "<group>"; };
		661F39191F00997D00CE8D44 /* FontAwesome.otf */ = {isa = PBXFileReference; lastKnownFileType = file; name = FontAwesome.otf; path = SupportingFiles/fonts/FontAwesome.otf; sourceTree = "<group>"; };
		661F391B1F009C3100CE8D44 /* SettingsViewController.swift */ = {isa = PBXFileReference; fileEncoding = 4; lastKnownFileType = sourcecode.swift; name = SettingsViewController.swift; path = ViewControllers/SettingsViewController.swift; sourceTree = "<group>"; };
		661F391C1F009C3100CE8D44 /* SettingsViewController.xib */ = {isa = PBXFileReference; fileEncoding = 4; lastKnownFileType = file.xib; name = SettingsViewController.xib; path = ViewControllers/SettingsViewController.xib; sourceTree = "<group>"; };
		661F391F1F00A77A00CE8D44 /* HexColor.swift */ = {isa = PBXFileReference; fileEncoding = 4; lastKnownFileType = sourcecode.swift; name = HexColor.swift; path = Helpers/HexColor.swift; sourceTree = "<group>"; };
		664C58401EFED185007C5085 /* AgilePoker.app */ = {isa = PBXFileReference; explicitFileType = wrapper.application; includeInIndex = 0; path = AgilePoker.app; sourceTree = BUILT_PRODUCTS_DIR; };
		664C58431EFED185007C5085 /* AppDelegate.swift */ = {isa = PBXFileReference; lastKnownFileType = sourcecode.swift; path = AppDelegate.swift; sourceTree = "<group>"; };
		664C584A1EFED185007C5085 /* Assets.xcassets */ = {isa = PBXFileReference; lastKnownFileType = folder.assetcatalog; path = Assets.xcassets; sourceTree = "<group>"; };
		664C584F1EFED185007C5085 /* Info.plist */ = {isa = PBXFileReference; lastKnownFileType = text.plist.xml; path = Info.plist; sourceTree = "<group>"; };
		664C58541EFED185007C5085 /* AgilePokerTests.xctest */ = {isa = PBXFileReference; explicitFileType = wrapper.cfbundle; includeInIndex = 0; path = AgilePokerTests.xctest; sourceTree = BUILT_PRODUCTS_DIR; };
		664C58581EFED185007C5085 /* AgilePokerTests.swift */ = {isa = PBXFileReference; lastKnownFileType = sourcecode.swift; path = AgilePokerTests.swift; sourceTree = "<group>"; };
		664C585A1EFED185007C5085 /* Info.plist */ = {isa = PBXFileReference; lastKnownFileType = text.plist.xml; path = Info.plist; sourceTree = "<group>"; };
		664C585F1EFED185007C5085 /* AgilePokerUITests.xctest */ = {isa = PBXFileReference; explicitFileType = wrapper.cfbundle; includeInIndex = 0; path = AgilePokerUITests.xctest; sourceTree = BUILT_PRODUCTS_DIR; };
		664C58631EFED185007C5085 /* AgilePokerUITests.swift */ = {isa = PBXFileReference; lastKnownFileType = sourcecode.swift; path = AgilePokerUITests.swift; sourceTree = "<group>"; };
		664C58651EFED185007C5085 /* Info.plist */ = {isa = PBXFileReference; lastKnownFileType = text.plist.xml; path = Info.plist; sourceTree = "<group>"; };
		664C58781EFED214007C5085 /* MainViewController.swift */ = {isa = PBXFileReference; fileEncoding = 4; lastKnownFileType = sourcecode.swift; name = MainViewController.swift; path = ViewControllers/MainViewController.swift; sourceTree = "<group>"; };
		664C58791EFED214007C5085 /* MainViewController.xib */ = {isa = PBXFileReference; fileEncoding = 4; lastKnownFileType = file.xib; name = MainViewController.xib; path = ViewControllers/MainViewController.xib; sourceTree = "<group>"; };
		666FD5541EFF2D0700D18DBD /* PlayingCardCollectionViewCell.swift */ = {isa = PBXFileReference; fileEncoding = 4; lastKnownFileType = sourcecode.swift; name = PlayingCardCollectionViewCell.swift; path = Views/CollectionViewCells/PlayingCardCollectionViewCell.swift; sourceTree = "<group>"; };
		666FD5551EFF2D0700D18DBD /* PlayingCardCollectionViewCell.xib */ = {isa = PBXFileReference; fileEncoding = 4; lastKnownFileType = file.xib; name = PlayingCardCollectionViewCell.xib; path = Views/CollectionViewCells/PlayingCardCollectionViewCell.xib; sourceTree = "<group>"; };
		666FD5591EFF2ECC00D18DBD /* CircularCollectionViewLayout.swift */ = {isa = PBXFileReference; fileEncoding = 4; lastKnownFileType = sourcecode.swift; name = CircularCollectionViewLayout.swift; path = Layouts/CircularCollectionViewLayout.swift; sourceTree = "<group>"; };
		666FD55C1EFF2F6B00D18DBD /* LaunchScreenViewController.swift */ = {isa = PBXFileReference; fileEncoding = 4; lastKnownFileType = sourcecode.swift; name = LaunchScreenViewController.swift; path = ViewControllers/Launch/LaunchScreenViewController.swift; sourceTree = "<group>"; };
		666FD55D1EFF2F6B00D18DBD /* LaunchScreenViewController.xib */ = {isa = PBXFileReference; fileEncoding = 4; lastKnownFileType = file.xib; name = LaunchScreenViewController.xib; path = ViewControllers/Launch/LaunchScreenViewController.xib; sourceTree = "<group>"; };
		666FD5601EFF312900D18DBD /* CircularCollectionViewLayoutAttributes.swift */ = {isa = PBXFileReference; fileEncoding = 4; lastKnownFileType = sourcecode.swift; name = CircularCollectionViewLayoutAttributes.swift; path = Layouts/CircularCollectionViewLayoutAttributes.swift; sourceTree = "<group>"; };
		666FD5621EFF437100D18DBD /* Media.xcassets */ = {isa = PBXFileReference; lastKnownFileType = folder.assetcatalog; name = Media.xcassets; path = Assets/Media.xcassets; sourceTree = "<group>"; };
		666FD5641EFF4CB700D18DBD /* Decks.plist */ = {isa = PBXFileReference; fileEncoding = 4; lastKnownFileType = text.plist.xml; name = Decks.plist; path = SupportingFiles/Decks.plist; sourceTree = "<group>"; };
		666FD5661EFF4DC400D18DBD /* Fibonacci.plist */ = {isa = PBXFileReference; fileEncoding = 4; lastKnownFileType = text.plist.xml; name = Fibonacci.plist; path = SupportingFiles/Fibonacci.plist; sourceTree = "<group>"; };
		666FD5681EFF4DD700D18DBD /* TShirt.plist */ = {isa = PBXFileReference; fileEncoding = 4; lastKnownFileType = text.plist.xml; name = TShirt.plist; path = SupportingFiles/TShirt.plist; sourceTree = "<group>"; };
		666FD56A1EFF4DE700D18DBD /* ZeroToThree.plist */ = {isa = PBXFileReference; fileEncoding = 4; lastKnownFileType = text.plist.xml; name = ZeroToThree.plist; path = SupportingFiles/ZeroToThree.plist; sourceTree = "<group>"; };
		666FD56C1EFF4EEC00D18DBD /* Card.swift */ = {isa = PBXFileReference; fileEncoding = 4; lastKnownFileType = sourcecode.swift; name = Card.swift; path = Models/Card.swift; sourceTree = "<group>"; };
		66785EC61F0C6AC600A5DEB3 /* MessageBroker.swift */ = {isa = PBXFileReference; fileEncoding = 4; lastKnownFileType = sourcecode.swift; name = MessageBroker.swift; path = Helpers/MessageBroker.swift; sourceTree = "<group>"; };
		66785EC91F0C6B0300A5DEB3 /* SettingsMessage.swift */ = {isa = PBXFileReference; fileEncoding = 4; lastKnownFileType = sourcecode.swift; name = SettingsMessage.swift; path = Models/MessageBrokerModels/SettingsMessage.swift; sourceTree = "<group>"; };
		66785ECB1F0C76FE00A5DEB3 /* AppBackgroundImages.plist */ = {isa = PBXFileReference; fileEncoding = 4; lastKnownFileType = text.plist.xml; name = AppBackgroundImages.plist; path = SupportingFiles/AppBackgroundImages.plist; sourceTree = "<group>"; };
		66785ECF1F0C785600A5DEB3 /* BackgroundImageSettingCollectionViewCell.swift */ = {isa = PBXFileReference; fileEncoding = 4; lastKnownFileType = sourcecode.swift; name = BackgroundImageSettingCollectionViewCell.swift; path = Views/CollectionViewCells/BackgroundImageSettingCollectionViewCell.swift; sourceTree = "<group>"; };
		66785ED01F0C785600A5DEB3 /* BackgroundImageSettingCollectionViewCell.xib */ = {isa = PBXFileReference; fileEncoding = 4; lastKnownFileType = file.xib; name = BackgroundImageSettingCollectionViewCell.xib; path = Views/CollectionViewCells/BackgroundImageSettingCollectionViewCell.xib; sourceTree = "<group>"; };
		66AFF4FF1F0012720025A5FD /* CardViewController.swift */ = {isa = PBXFileReference; fileEncoding = 4; lastKnownFileType = sourcecode.swift; name = CardViewController.swift; path = ViewControllers/CardViewController.swift; sourceTree = "<group>"; };
		66AFF5001F0012720025A5FD /* CardViewController.xib */ = {isa = PBXFileReference; fileEncoding = 4; lastKnownFileType = file.xib; name = CardViewController.xib; path = ViewControllers/CardViewController.xib; sourceTree = "<group>"; };
		6BF84A58985C853C1E0E15B7 /* Pods_AgilePokerUITests.framework */ = {isa = PBXFileReference; explicitFileType = wrapper.framework; includeInIndex = 0; path = Pods_AgilePokerUITests.framework; sourceTree = BUILT_PRODUCTS_DIR; };
		700FEB4F4C89FE0B3E114BE2 /* Pods-AgilePokerTests.release.xcconfig */ = {isa = PBXFileReference; includeInIndex = 1; lastKnownFileType = text.xcconfig; name = "Pods-AgilePokerTests.release.xcconfig"; path = "Pods/Target Support Files/Pods-AgilePokerTests/Pods-AgilePokerTests.release.xcconfig"; sourceTree = "<group>"; };
		AECDD25B46B39BFBEDAABCCF /* Pods_AgilePokerTests.framework */ = {isa = PBXFileReference; explicitFileType = wrapper.framework; includeInIndex = 0; path = Pods_AgilePokerTests.framework; sourceTree = BUILT_PRODUCTS_DIR; };
		BDE464973CAD899AB384DA3B /* Pods-AgilePokerTests.debug.xcconfig */ = {isa = PBXFileReference; includeInIndex = 1; lastKnownFileType = text.xcconfig; name = "Pods-AgilePokerTests.debug.xcconfig"; path = "Pods/Target Support Files/Pods-AgilePokerTests/Pods-AgilePokerTests.debug.xcconfig"; sourceTree = "<group>"; };
		CEBF32C205FBC7283018847D /* Pods_AgilePoker.framework */ = {isa = PBXFileReference; explicitFileType = wrapper.framework; includeInIndex = 0; path = Pods_AgilePoker.framework; sourceTree = BUILT_PRODUCTS_DIR; };
		D181315EC8005F506F4DFE70 /* Pods-AgilePoker.release.xcconfig */ = {isa = PBXFileReference; includeInIndex = 1; lastKnownFileType = text.xcconfig; name = "Pods-AgilePoker.release.xcconfig"; path = "Pods/Target Support Files/Pods-AgilePoker/Pods-AgilePoker.release.xcconfig"; sourceTree = "<group>"; };
		EA2FD15A496A9B03737D3654 /* Pods-AgilePokerUITests.debug.xcconfig */ = {isa = PBXFileReference; includeInIndex = 1; lastKnownFileType = text.xcconfig; name = "Pods-AgilePokerUITests.debug.xcconfig"; path = "Pods/Target Support Files/Pods-AgilePokerUITests/Pods-AgilePokerUITests.debug.xcconfig"; sourceTree = "<group>"; };
/* End PBXFileReference section */

/* Begin PBXFrameworksBuildPhase section */
		664C583D1EFED185007C5085 /* Frameworks */ = {
			isa = PBXFrameworksBuildPhase;
			buildActionMask = 2147483647;
			files = (
				3D82D0C5457D56752A4199B8 /* Pods_AgilePoker.framework in Frameworks */,
			);
			runOnlyForDeploymentPostprocessing = 0;
		};
		664C58511EFED185007C5085 /* Frameworks */ = {
			isa = PBXFrameworksBuildPhase;
			buildActionMask = 2147483647;
			files = (
				7FD5DB2D226A876D0F2EF896 /* Pods_AgilePokerTests.framework in Frameworks */,
			);
			runOnlyForDeploymentPostprocessing = 0;
		};
		664C585C1EFED185007C5085 /* Frameworks */ = {
			isa = PBXFrameworksBuildPhase;
			buildActionMask = 2147483647;
			files = (
				620B08BABCC6985579A9328B /* Pods_AgilePokerUITests.framework in Frameworks */,
			);
			runOnlyForDeploymentPostprocessing = 0;
		};
/* End PBXFrameworksBuildPhase section */

/* Begin PBXGroup section */
		415743CAB3C685071B36F2A2 /* Pods */ = {
			isa = PBXGroup;
			children = (
				2B58F6D3FAC1B3EC7588A52B /* Pods-AgilePoker.debug.xcconfig */,
				D181315EC8005F506F4DFE70 /* Pods-AgilePoker.release.xcconfig */,
				BDE464973CAD899AB384DA3B /* Pods-AgilePokerTests.debug.xcconfig */,
				700FEB4F4C89FE0B3E114BE2 /* Pods-AgilePokerTests.release.xcconfig */,
				EA2FD15A496A9B03737D3654 /* Pods-AgilePokerUITests.debug.xcconfig */,
				0D04A4AC26B09DC467861D2A /* Pods-AgilePokerUITests.release.xcconfig */,
			);
			name = Pods;
			sourceTree = "<group>";
		};
		661F39181F00996C00CE8D44 /* Fonts */ = {
			isa = PBXGroup;
			children = (
				661F39191F00997D00CE8D44 /* FontAwesome.otf */,
			);
			name = Fonts;
			sourceTree = "<group>";
		};
		664C58371EFED185007C5085 = {
			isa = PBXGroup;
			children = (
				664C58421EFED185007C5085 /* AgilePoker */,
				664C58571EFED185007C5085 /* AgilePokerTests */,
				664C58621EFED185007C5085 /* AgilePokerUITests */,
				664C58411EFED185007C5085 /* Products */,
				415743CAB3C685071B36F2A2 /* Pods */,
				AFF4CBD9F57667880615EE07 /* Frameworks */,
			);
			sourceTree = "<group>";
		};
		664C58411EFED185007C5085 /* Products */ = {
			isa = PBXGroup;
			children = (
				664C58401EFED185007C5085 /* AgilePoker.app */,
				664C58541EFED185007C5085 /* AgilePokerTests.xctest */,
				664C585F1EFED185007C5085 /* AgilePokerUITests.xctest */,
			);
			name = Products;
			sourceTree = "<group>";
		};
		664C58421EFED185007C5085 /* AgilePoker */ = {
			isa = PBXGroup;
			children = (
				666FD5581EFF2EAA00D18DBD /* Layouts */,
				664C58771EFED1C8007C5085 /* Storyboards */,
				664C58761EFED1BC007C5085 /* Assets */,
				664C58751EFED1B0007C5085 /* Supporting Files */,
				664C58741EFED1A8007C5085 /* Models */,
				664C58731EFED1A3007C5085 /* Helpers */,
				664C58721EFED19E007C5085 /* Views */,
				664C58711EFED195007C5085 /* ViewControllers */,
				664C58431EFED185007C5085 /* AppDelegate.swift */,
			);
			path = AgilePoker;
			sourceTree = "<group>";
		};
		664C58571EFED185007C5085 /* AgilePokerTests */ = {
			isa = PBXGroup;
			children = (
				664C58581EFED185007C5085 /* AgilePokerTests.swift */,
				664C585A1EFED185007C5085 /* Info.plist */,
			);
			path = AgilePokerTests;
			sourceTree = "<group>";
		};
		664C58621EFED185007C5085 /* AgilePokerUITests */ = {
			isa = PBXGroup;
			children = (
				664C58631EFED185007C5085 /* AgilePokerUITests.swift */,
				664C58651EFED185007C5085 /* Info.plist */,
			);
			path = AgilePokerUITests;
			sourceTree = "<group>";
		};
		664C58711EFED195007C5085 /* ViewControllers */ = {
			isa = PBXGroup;
			children = (
				666FD55B1EFF2F4D00D18DBD /* Launch */,
				664C58781EFED214007C5085 /* MainViewController.swift */,
				664C58791EFED214007C5085 /* MainViewController.xib */,
				66AFF4FF1F0012720025A5FD /* CardViewController.swift */,
				66AFF5001F0012720025A5FD /* CardViewController.xib */,
				661F391B1F009C3100CE8D44 /* SettingsViewController.swift */,
				661F391C1F009C3100CE8D44 /* SettingsViewController.xib */,
			);
			name = ViewControllers;
			sourceTree = "<group>";
		};
		664C58721EFED19E007C5085 /* Views */ = {
			isa = PBXGroup;
			children = (
				666FD5531EFF2CDC00D18DBD /* CollectionViewCells */,
			);
			name = Views;
			sourceTree = "<group>";
		};
		664C58731EFED1A3007C5085 /* Helpers */ = {
			isa = PBXGroup;
			children = (
				661F391F1F00A77A00CE8D44 /* HexColor.swift */,
				66785EC61F0C6AC600A5DEB3 /* MessageBroker.swift */,
			);
			name = Helpers;
			sourceTree = "<group>";
		};
		664C58741EFED1A8007C5085 /* Models */ = {
			isa = PBXGroup;
			children = (
				66785EC81F0C6AE500A5DEB3 /* MessageBrokerModels */,
				666FD56C1EFF4EEC00D18DBD /* Card.swift */,
			);
			name = Models;
			sourceTree = "<group>";
		};
		664C58751EFED1B0007C5085 /* Supporting Files */ = {
			isa = PBXGroup;
			children = (
				661F39181F00996C00CE8D44 /* Fonts */,
				664C584F1EFED185007C5085 /* Info.plist */,
				66785ECB1F0C76FE00A5DEB3 /* AppBackgroundImages.plist */,
				666FD5641EFF4CB700D18DBD /* Decks.plist */,
				666FD5661EFF4DC400D18DBD /* Fibonacci.plist */,
				666FD5681EFF4DD700D18DBD /* TShirt.plist */,
				666FD56A1EFF4DE700D18DBD /* ZeroToThree.plist */,
			);
			name = "Supporting Files";
			sourceTree = "<group>";
		};
		664C58761EFED1BC007C5085 /* Assets */ = {
			isa = PBXGroup;
			children = (
				664C584A1EFED185007C5085 /* Assets.xcassets */,
				666FD5621EFF437100D18DBD /* Media.xcassets */,
			);
			name = Assets;
			sourceTree = "<group>";
		};
		664C58771EFED1C8007C5085 /* Storyboards */ = {
			isa = PBXGroup;
			children = (
			);
			name = Storyboards;
			sourceTree = "<group>";
		};
		666FD5531EFF2CDC00D18DBD /* CollectionViewCells */ = {
			isa = PBXGroup;
			children = (
				666FD5541EFF2D0700D18DBD /* PlayingCardCollectionViewCell.swift */,
				666FD5551EFF2D0700D18DBD /* PlayingCardCollectionViewCell.xib */,
				66785ECF1F0C785600A5DEB3 /* BackgroundImageSettingCollectionViewCell.swift */,
				66785ED01F0C785600A5DEB3 /* BackgroundImageSettingCollectionViewCell.xib */,
			);
			name = CollectionViewCells;
			sourceTree = "<group>";
		};
		666FD5581EFF2EAA00D18DBD /* Layouts */ = {
			isa = PBXGroup;
			children = (
				666FD5591EFF2ECC00D18DBD /* CircularCollectionViewLayout.swift */,
				666FD5601EFF312900D18DBD /* CircularCollectionViewLayoutAttributes.swift */,
			);
			name = Layouts;
			sourceTree = "<group>";
		};
		666FD55B1EFF2F4D00D18DBD /* Launch */ = {
			isa = PBXGroup;
			children = (
				666FD55C1EFF2F6B00D18DBD /* LaunchScreenViewController.swift */,
				666FD55D1EFF2F6B00D18DBD /* LaunchScreenViewController.xib */,
			);
			name = Launch;
			sourceTree = "<group>";
		};
		66785EC81F0C6AE500A5DEB3 /* MessageBrokerModels */ = {
			isa = PBXGroup;
			children = (
				66785EC91F0C6B0300A5DEB3 /* SettingsMessage.swift */,
			);
			name = MessageBrokerModels;
			sourceTree = "<group>";
		};
		AFF4CBD9F57667880615EE07 /* Frameworks */ = {
			isa = PBXGroup;
			children = (
				CEBF32C205FBC7283018847D /* Pods_AgilePoker.framework */,
				AECDD25B46B39BFBEDAABCCF /* Pods_AgilePokerTests.framework */,
				6BF84A58985C853C1E0E15B7 /* Pods_AgilePokerUITests.framework */,
			);
			name = Frameworks;
			sourceTree = "<group>";
		};
/* End PBXGroup section */

/* Begin PBXNativeTarget section */
		664C583F1EFED185007C5085 /* AgilePoker */ = {
			isa = PBXNativeTarget;
			buildConfigurationList = 664C58681EFED185007C5085 /* Build configuration list for PBXNativeTarget "AgilePoker" */;
			buildPhases = (
				95282A78D4C6E1A0D358F3A2 /* [CP] Check Pods Manifest.lock */,
				664C583C1EFED185007C5085 /* Sources */,
				664C583D1EFED185007C5085 /* Frameworks */,
				664C583E1EFED185007C5085 /* Resources */,
				F2C567F86CBC97A6EBD41922 /* [CP] Embed Pods Frameworks */,
			);
			buildRules = (
			);
			dependencies = (
			);
			name = AgilePoker;
			productName = AgilePoker;
			productReference = 664C58401EFED185007C5085 /* AgilePoker.app */;
			productType = "com.apple.product-type.application";
		};
		664C58531EFED185007C5085 /* AgilePokerTests */ = {
			isa = PBXNativeTarget;
			buildConfigurationList = 664C586B1EFED185007C5085 /* Build configuration list for PBXNativeTarget "AgilePokerTests" */;
			buildPhases = (
				C576AAC8C37EDE96AA4E3BC3 /* [CP] Check Pods Manifest.lock */,
				664C58501EFED185007C5085 /* Sources */,
				664C58511EFED185007C5085 /* Frameworks */,
				664C58521EFED185007C5085 /* Resources */,
			);
			buildRules = (
			);
			dependencies = (
				664C58561EFED185007C5085 /* PBXTargetDependency */,
			);
			name = AgilePokerTests;
			productName = AgilePokerTests;
			productReference = 664C58541EFED185007C5085 /* AgilePokerTests.xctest */;
			productType = "com.apple.product-type.bundle.unit-test";
		};
		664C585E1EFED185007C5085 /* AgilePokerUITests */ = {
			isa = PBXNativeTarget;
			buildConfigurationList = 664C586E1EFED185007C5085 /* Build configuration list for PBXNativeTarget "AgilePokerUITests" */;
			buildPhases = (
				E5BAA88C9293EDD75F161B3C /* [CP] Check Pods Manifest.lock */,
				664C585B1EFED185007C5085 /* Sources */,
				664C585C1EFED185007C5085 /* Frameworks */,
				664C585D1EFED185007C5085 /* Resources */,
			);
			buildRules = (
			);
			dependencies = (
				664C58611EFED185007C5085 /* PBXTargetDependency */,
			);
			name = AgilePokerUITests;
			productName = AgilePokerUITests;
			productReference = 664C585F1EFED185007C5085 /* AgilePokerUITests.xctest */;
			productType = "com.apple.product-type.bundle.ui-testing";
		};
/* End PBXNativeTarget section */

/* Begin PBXProject section */
		664C58381EFED185007C5085 /* Project object */ = {
			isa = PBXProject;
			attributes = {
				LastSwiftUpdateCheck = 0830;
				LastUpgradeCheck = 1010;
				ORGANIZATIONNAME = "Rock Solid Bits";
				TargetAttributes = {
					664C583F1EFED185007C5085 = {
						CreatedOnToolsVersion = 8.3.3;
						DevelopmentTeam = AAG9GT5WNC;
						LastSwiftMigration = 1010;
						ProvisioningStyle = Automatic;
					};
					664C58531EFED185007C5085 = {
						CreatedOnToolsVersion = 8.3.3;
						DevelopmentTeam = AAG9GT5WNC;
						LastSwiftMigration = 1010;
						ProvisioningStyle = Automatic;
						TestTargetID = 664C583F1EFED185007C5085;
					};
					664C585E1EFED185007C5085 = {
						CreatedOnToolsVersion = 8.3.3;
						DevelopmentTeam = AAG9GT5WNC;
						LastSwiftMigration = 1010;
						ProvisioningStyle = Automatic;
						TestTargetID = 664C583F1EFED185007C5085;
					};
				};
			};
			buildConfigurationList = 664C583B1EFED185007C5085 /* Build configuration list for PBXProject "AgilePoker" */;
			compatibilityVersion = "Xcode 3.2";
			developmentRegion = English;
			hasScannedForEncodings = 0;
			knownRegions = (
				en,
				Base,
			);
			mainGroup = 664C58371EFED185007C5085;
			productRefGroup = 664C58411EFED185007C5085 /* Products */;
			projectDirPath = "";
			projectRoot = "";
			targets = (
				664C583F1EFED185007C5085 /* AgilePoker */,
				664C58531EFED185007C5085 /* AgilePokerTests */,
				664C585E1EFED185007C5085 /* AgilePokerUITests */,
			);
		};
/* End PBXProject section */

/* Begin PBXResourcesBuildPhase section */
		664C583E1EFED185007C5085 /* Resources */ = {
			isa = PBXResourcesBuildPhase;
			buildActionMask = 2147483647;
			files = (
				661F391A1F009A2300CE8D44 /* FontAwesome.otf in Resources */,
				666FD5651EFF4CB700D18DBD /* Decks.plist in Resources */,
				666FD5631EFF437100D18DBD /* Media.xcassets in Resources */,
				664C584B1EFED185007C5085 /* Assets.xcassets in Resources */,
				666FD5671EFF4DC400D18DBD /* Fibonacci.plist in Resources */,
				666FD5691EFF4DD700D18DBD /* TShirt.plist in Resources */,
				666FD55F1EFF2F6B00D18DBD /* LaunchScreenViewController.xib in Resources */,
				661F391E1F009C3100CE8D44 /* SettingsViewController.xib in Resources */,
				666FD5571EFF2D0700D18DBD /* PlayingCardCollectionViewCell.xib in Resources */,
				66785ED21F0C785600A5DEB3 /* BackgroundImageSettingCollectionViewCell.xib in Resources */,
				664C587B1EFED214007C5085 /* MainViewController.xib in Resources */,
				66AFF5021F0012720025A5FD /* CardViewController.xib in Resources */,
				66785ECC1F0C76FE00A5DEB3 /* AppBackgroundImages.plist in Resources */,
				666FD56B1EFF4DE700D18DBD /* ZeroToThree.plist in Resources */,
			);
			runOnlyForDeploymentPostprocessing = 0;
		};
		664C58521EFED185007C5085 /* Resources */ = {
			isa = PBXResourcesBuildPhase;
			buildActionMask = 2147483647;
			files = (
			);
			runOnlyForDeploymentPostprocessing = 0;
		};
		664C585D1EFED185007C5085 /* Resources */ = {
			isa = PBXResourcesBuildPhase;
			buildActionMask = 2147483647;
			files = (
			);
			runOnlyForDeploymentPostprocessing = 0;
		};
/* End PBXResourcesBuildPhase section */

/* Begin PBXShellScriptBuildPhase section */
		95282A78D4C6E1A0D358F3A2 /* [CP] Check Pods Manifest.lock */ = {
			isa = PBXShellScriptBuildPhase;
			buildActionMask = 2147483647;
			files = (
			);
			inputPaths = (
				"${PODS_PODFILE_DIR_PATH}/Podfile.lock",
				"${PODS_ROOT}/Manifest.lock",
			);
			name = "[CP] Check Pods Manifest.lock";
			outputPaths = (
				"$(DERIVED_FILE_DIR)/Pods-AgilePoker-checkManifestLockResult.txt",
			);
			runOnlyForDeploymentPostprocessing = 0;
			shellPath = /bin/sh;
			shellScript = "diff \"${PODS_PODFILE_DIR_PATH}/Podfile.lock\" \"${PODS_ROOT}/Manifest.lock\" > /dev/null\nif [ $? != 0 ] ; then\n    # print error to STDERR\n    echo \"error: The sandbox is not in sync with the Podfile.lock. Run 'pod install' or update your CocoaPods installation.\" >&2\n    exit 1\nfi\n# This output is used by Xcode 'outputs' to avoid re-running this script phase.\necho \"SUCCESS\" > \"${SCRIPT_OUTPUT_FILE_0}\"\n";
			showEnvVarsInLog = 0;
		};
		C576AAC8C37EDE96AA4E3BC3 /* [CP] Check Pods Manifest.lock */ = {
			isa = PBXShellScriptBuildPhase;
			buildActionMask = 2147483647;
			files = (
			);
			inputPaths = (
				"${PODS_PODFILE_DIR_PATH}/Podfile.lock",
				"${PODS_ROOT}/Manifest.lock",
			);
			name = "[CP] Check Pods Manifest.lock";
			outputPaths = (
				"$(DERIVED_FILE_DIR)/Pods-AgilePokerTests-checkManifestLockResult.txt",
			);
			runOnlyForDeploymentPostprocessing = 0;
			shellPath = /bin/sh;
			shellScript = "diff \"${PODS_PODFILE_DIR_PATH}/Podfile.lock\" \"${PODS_ROOT}/Manifest.lock\" > /dev/null\nif [ $? != 0 ] ; then\n    # print error to STDERR\n    echo \"error: The sandbox is not in sync with the Podfile.lock. Run 'pod install' or update your CocoaPods installation.\" >&2\n    exit 1\nfi\n# This output is used by Xcode 'outputs' to avoid re-running this script phase.\necho \"SUCCESS\" > \"${SCRIPT_OUTPUT_FILE_0}\"\n";
			showEnvVarsInLog = 0;
		};
		E5BAA88C9293EDD75F161B3C /* [CP] Check Pods Manifest.lock */ = {
			isa = PBXShellScriptBuildPhase;
			buildActionMask = 2147483647;
			files = (
			);
			inputPaths = (
				"${PODS_PODFILE_DIR_PATH}/Podfile.lock",
				"${PODS_ROOT}/Manifest.lock",
			);
			name = "[CP] Check Pods Manifest.lock";
			outputPaths = (
				"$(DERIVED_FILE_DIR)/Pods-AgilePokerUITests-checkManifestLockResult.txt",
			);
			runOnlyForDeploymentPostprocessing = 0;
			shellPath = /bin/sh;
			shellScript = "diff \"${PODS_PODFILE_DIR_PATH}/Podfile.lock\" \"${PODS_ROOT}/Manifest.lock\" > /dev/null\nif [ $? != 0 ] ; then\n    # print error to STDERR\n    echo \"error: The sandbox is not in sync with the Podfile.lock. Run 'pod install' or update your CocoaPods installation.\" >&2\n    exit 1\nfi\n# This output is used by Xcode 'outputs' to avoid re-running this script phase.\necho \"SUCCESS\" > \"${SCRIPT_OUTPUT_FILE_0}\"\n";
			showEnvVarsInLog = 0;
		};
		F2C567F86CBC97A6EBD41922 /* [CP] Embed Pods Frameworks */ = {
			isa = PBXShellScriptBuildPhase;
			buildActionMask = 2147483647;
			files = (
			);
			inputPaths = (
				"${SRCROOT}/Pods/Target Support Files/Pods-AgilePoker/Pods-AgilePoker-frameworks.sh",
				"${BUILT_PRODUCTS_DIR}/CocoaLumberjack/CocoaLumberjack.framework",
			);
			name = "[CP] Embed Pods Frameworks";
			outputPaths = (
				"${TARGET_BUILD_DIR}/${FRAMEWORKS_FOLDER_PATH}/CocoaLumberjack.framework",
			);
			runOnlyForDeploymentPostprocessing = 0;
			shellPath = /bin/sh;
			shellScript = "\"${SRCROOT}/Pods/Target Support Files/Pods-AgilePoker/Pods-AgilePoker-frameworks.sh\"\n";
			showEnvVarsInLog = 0;
		};
/* End PBXShellScriptBuildPhase section */

/* Begin PBXSourcesBuildPhase section */
		664C583C1EFED185007C5085 /* Sources */ = {
			isa = PBXSourcesBuildPhase;
			buildActionMask = 2147483647;
			files = (
				666FD5611EFF312900D18DBD /* CircularCollectionViewLayoutAttributes.swift in Sources */,
				664C587A1EFED214007C5085 /* MainViewController.swift in Sources */,
				666FD56D1EFF4EEC00D18DBD /* Card.swift in Sources */,
				664C58441EFED185007C5085 /* AppDelegate.swift in Sources */,
				66AFF5011F0012720025A5FD /* CardViewController.swift in Sources */,
				666FD5561EFF2D0700D18DBD /* PlayingCardCollectionViewCell.swift in Sources */,
				666FD55E1EFF2F6B00D18DBD /* LaunchScreenViewController.swift in Sources */,
				661F39201F00A77A00CE8D44 /* HexColor.swift in Sources */,
				666FD55A1EFF2ECC00D18DBD /* CircularCollectionViewLayout.swift in Sources */,
				66785ED11F0C785600A5DEB3 /* BackgroundImageSettingCollectionViewCell.swift in Sources */,
				661F391D1F009C3100CE8D44 /* SettingsViewController.swift in Sources */,
				66785ECA1F0C6B0300A5DEB3 /* SettingsMessage.swift in Sources */,
				66785EC71F0C6AC600A5DEB3 /* MessageBroker.swift in Sources */,
			);
			runOnlyForDeploymentPostprocessing = 0;
		};
		664C58501EFED185007C5085 /* Sources */ = {
			isa = PBXSourcesBuildPhase;
			buildActionMask = 2147483647;
			files = (
				664C58591EFED185007C5085 /* AgilePokerTests.swift in Sources */,
			);
			runOnlyForDeploymentPostprocessing = 0;
		};
		664C585B1EFED185007C5085 /* Sources */ = {
			isa = PBXSourcesBuildPhase;
			buildActionMask = 2147483647;
			files = (
				664C58641EFED185007C5085 /* AgilePokerUITests.swift in Sources */,
			);
			runOnlyForDeploymentPostprocessing = 0;
		};
/* End PBXSourcesBuildPhase section */

/* Begin PBXTargetDependency section */
		664C58561EFED185007C5085 /* PBXTargetDependency */ = {
			isa = PBXTargetDependency;
			target = 664C583F1EFED185007C5085 /* AgilePoker */;
			targetProxy = 664C58551EFED185007C5085 /* PBXContainerItemProxy */;
		};
		664C58611EFED185007C5085 /* PBXTargetDependency */ = {
			isa = PBXTargetDependency;
			target = 664C583F1EFED185007C5085 /* AgilePoker */;
			targetProxy = 664C58601EFED185007C5085 /* PBXContainerItemProxy */;
		};
/* End PBXTargetDependency section */

/* Begin XCBuildConfiguration section */
		664C58661EFED185007C5085 /* Debug */ = {
			isa = XCBuildConfiguration;
			buildSettings = {
				ALWAYS_SEARCH_USER_PATHS = NO;
				CLANG_ANALYZER_NONNULL = YES;
				CLANG_ANALYZER_NUMBER_OBJECT_CONVERSION = YES_AGGRESSIVE;
				CLANG_CXX_LANGUAGE_STANDARD = "gnu++0x";
				CLANG_CXX_LIBRARY = "libc++";
				CLANG_ENABLE_MODULES = YES;
				CLANG_ENABLE_OBJC_ARC = YES;
				CLANG_WARN_BLOCK_CAPTURE_AUTORELEASING = YES;
				CLANG_WARN_BOOL_CONVERSION = YES;
				CLANG_WARN_COMMA = YES;
				CLANG_WARN_CONSTANT_CONVERSION = YES;
				CLANG_WARN_DEPRECATED_OBJC_IMPLEMENTATIONS = YES;
				CLANG_WARN_DIRECT_OBJC_ISA_USAGE = YES_ERROR;
				CLANG_WARN_DOCUMENTATION_COMMENTS = YES;
				CLANG_WARN_EMPTY_BODY = YES;
				CLANG_WARN_ENUM_CONVERSION = YES;
				CLANG_WARN_INFINITE_RECURSION = YES;
				CLANG_WARN_INT_CONVERSION = YES;
				CLANG_WARN_NON_LITERAL_NULL_CONVERSION = YES;
				CLANG_WARN_OBJC_IMPLICIT_RETAIN_SELF = YES;
				CLANG_WARN_OBJC_LITERAL_CONVERSION = YES;
				CLANG_WARN_OBJC_ROOT_CLASS = YES_ERROR;
				CLANG_WARN_RANGE_LOOP_ANALYSIS = YES;
				CLANG_WARN_STRICT_PROTOTYPES = YES;
				CLANG_WARN_SUSPICIOUS_MOVE = YES;
				CLANG_WARN_UNREACHABLE_CODE = YES;
				CLANG_WARN__DUPLICATE_METHOD_MATCH = YES;
				"CODE_SIGN_IDENTITY[sdk=iphoneos*]" = "iPhone Developer";
				COPY_PHASE_STRIP = NO;
				DEBUG_INFORMATION_FORMAT = dwarf;
				ENABLE_STRICT_OBJC_MSGSEND = YES;
				ENABLE_TESTABILITY = YES;
				GCC_C_LANGUAGE_STANDARD = gnu99;
				GCC_DYNAMIC_NO_PIC = NO;
				GCC_NO_COMMON_BLOCKS = YES;
				GCC_OPTIMIZATION_LEVEL = 0;
				GCC_PREPROCESSOR_DEFINITIONS = (
					"DEBUG=1",
					"$(inherited)",
				);
				GCC_WARN_64_TO_32_BIT_CONVERSION = YES;
				GCC_WARN_ABOUT_RETURN_TYPE = YES_ERROR;
				GCC_WARN_UNDECLARED_SELECTOR = YES;
				GCC_WARN_UNINITIALIZED_AUTOS = YES_AGGRESSIVE;
				GCC_WARN_UNUSED_FUNCTION = YES;
				GCC_WARN_UNUSED_VARIABLE = YES;
				IPHONEOS_DEPLOYMENT_TARGET = 10.3;
				MTL_ENABLE_DEBUG_INFO = YES;
				ONLY_ACTIVE_ARCH = YES;
				SDKROOT = iphoneos;
				SWIFT_ACTIVE_COMPILATION_CONDITIONS = DEBUG;
				SWIFT_OPTIMIZATION_LEVEL = "-Onone";
				TARGETED_DEVICE_FAMILY = "1,2";
			};
			name = Debug;
		};
		664C58671EFED185007C5085 /* Release */ = {
			isa = XCBuildConfiguration;
			buildSettings = {
				ALWAYS_SEARCH_USER_PATHS = NO;
				CLANG_ANALYZER_NONNULL = YES;
				CLANG_ANALYZER_NUMBER_OBJECT_CONVERSION = YES_AGGRESSIVE;
				CLANG_CXX_LANGUAGE_STANDARD = "gnu++0x";
				CLANG_CXX_LIBRARY = "libc++";
				CLANG_ENABLE_MODULES = YES;
				CLANG_ENABLE_OBJC_ARC = YES;
				CLANG_WARN_BLOCK_CAPTURE_AUTORELEASING = YES;
				CLANG_WARN_BOOL_CONVERSION = YES;
				CLANG_WARN_COMMA = YES;
				CLANG_WARN_CONSTANT_CONVERSION = YES;
				CLANG_WARN_DEPRECATED_OBJC_IMPLEMENTATIONS = YES;
				CLANG_WARN_DIRECT_OBJC_ISA_USAGE = YES_ERROR;
				CLANG_WARN_DOCUMENTATION_COMMENTS = YES;
				CLANG_WARN_EMPTY_BODY = YES;
				CLANG_WARN_ENUM_CONVERSION = YES;
				CLANG_WARN_INFINITE_RECURSION = YES;
				CLANG_WARN_INT_CONVERSION = YES;
				CLANG_WARN_NON_LITERAL_NULL_CONVERSION = YES;
				CLANG_WARN_OBJC_IMPLICIT_RETAIN_SELF = YES;
				CLANG_WARN_OBJC_LITERAL_CONVERSION = YES;
				CLANG_WARN_OBJC_ROOT_CLASS = YES_ERROR;
				CLANG_WARN_RANGE_LOOP_ANALYSIS = YES;
				CLANG_WARN_STRICT_PROTOTYPES = YES;
				CLANG_WARN_SUSPICIOUS_MOVE = YES;
				CLANG_WARN_UNREACHABLE_CODE = YES;
				CLANG_WARN__DUPLICATE_METHOD_MATCH = YES;
				"CODE_SIGN_IDENTITY[sdk=iphoneos*]" = "iPhone Developer";
				COPY_PHASE_STRIP = NO;
				DEBUG_INFORMATION_FORMAT = "dwarf-with-dsym";
				ENABLE_NS_ASSERTIONS = NO;
				ENABLE_STRICT_OBJC_MSGSEND = YES;
				GCC_C_LANGUAGE_STANDARD = gnu99;
				GCC_NO_COMMON_BLOCKS = YES;
				GCC_WARN_64_TO_32_BIT_CONVERSION = YES;
				GCC_WARN_ABOUT_RETURN_TYPE = YES_ERROR;
				GCC_WARN_UNDECLARED_SELECTOR = YES;
				GCC_WARN_UNINITIALIZED_AUTOS = YES_AGGRESSIVE;
				GCC_WARN_UNUSED_FUNCTION = YES;
				GCC_WARN_UNUSED_VARIABLE = YES;
				IPHONEOS_DEPLOYMENT_TARGET = 10.3;
				MTL_ENABLE_DEBUG_INFO = NO;
				SDKROOT = iphoneos;
				SWIFT_OPTIMIZATION_LEVEL = "-Owholemodule";
				TARGETED_DEVICE_FAMILY = "1,2";
				VALIDATE_PRODUCT = YES;
			};
			name = Release;
		};
		664C58691EFED185007C5085 /* Debug */ = {
			isa = XCBuildConfiguration;
			baseConfigurationReference = 2B58F6D3FAC1B3EC7588A52B /* Pods-AgilePoker.debug.xcconfig */;
			buildSettings = {
				ASSETCATALOG_COMPILER_APPICON_NAME = AppIcon;
				DEVELOPMENT_TEAM = AAG9GT5WNC;
				INFOPLIST_FILE = AgilePoker/Info.plist;
				LD_RUNPATH_SEARCH_PATHS = "$(inherited) @executable_path/Frameworks";
				PRODUCT_BUNDLE_IDENTIFIER = com.rocksolidbits.AgilePoker;
				PRODUCT_NAME = "$(TARGET_NAME)";
				SWIFT_SWIFT3_OBJC_INFERENCE = Default;
				SWIFT_VERSION = 4.2;
			};
			name = Debug;
		};
		664C586A1EFED185007C5085 /* Release */ = {
			isa = XCBuildConfiguration;
			baseConfigurationReference = D181315EC8005F506F4DFE70 /* Pods-AgilePoker.release.xcconfig */;
			buildSettings = {
				ASSETCATALOG_COMPILER_APPICON_NAME = AppIcon;
				DEVELOPMENT_TEAM = AAG9GT5WNC;
				INFOPLIST_FILE = AgilePoker/Info.plist;
				LD_RUNPATH_SEARCH_PATHS = "$(inherited) @executable_path/Frameworks";
				PRODUCT_BUNDLE_IDENTIFIER = com.rocksolidbits.AgilePoker;
				PRODUCT_NAME = "$(TARGET_NAME)";
				SWIFT_SWIFT3_OBJC_INFERENCE = Default;
				SWIFT_VERSION = 4.2;
			};
			name = Release;
		};
		664C586C1EFED185007C5085 /* Debug */ = {
			isa = XCBuildConfiguration;
			baseConfigurationReference = BDE464973CAD899AB384DA3B /* Pods-AgilePokerTests.debug.xcconfig */;
			buildSettings = {
				ALWAYS_EMBED_SWIFT_STANDARD_LIBRARIES = YES;
				BUNDLE_LOADER = "$(TEST_HOST)";
				DEVELOPMENT_TEAM = AAG9GT5WNC;
				INFOPLIST_FILE = AgilePokerTests/Info.plist;
				LD_RUNPATH_SEARCH_PATHS = "$(inherited) @executable_path/Frameworks @loader_path/Frameworks";
				PRODUCT_BUNDLE_IDENTIFIER = com.rocksolidbits.AgilePokerTests;
				PRODUCT_NAME = "$(TARGET_NAME)";
				SWIFT_SWIFT3_OBJC_INFERENCE = On;
				SWIFT_VERSION = 4.2;
				TEST_HOST = "$(BUILT_PRODUCTS_DIR)/AgilePoker.app/AgilePoker";
			};
			name = Debug;
		};
		664C586D1EFED185007C5085 /* Release */ = {
			isa = XCBuildConfiguration;
			baseConfigurationReference = 700FEB4F4C89FE0B3E114BE2 /* Pods-AgilePokerTests.release.xcconfig */;
			buildSettings = {
				ALWAYS_EMBED_SWIFT_STANDARD_LIBRARIES = YES;
				BUNDLE_LOADER = "$(TEST_HOST)";
				DEVELOPMENT_TEAM = AAG9GT5WNC;
				INFOPLIST_FILE = AgilePokerTests/Info.plist;
				LD_RUNPATH_SEARCH_PATHS = "$(inherited) @executable_path/Frameworks @loader_path/Frameworks";
				PRODUCT_BUNDLE_IDENTIFIER = com.rocksolidbits.AgilePokerTests;
				PRODUCT_NAME = "$(TARGET_NAME)";
				SWIFT_SWIFT3_OBJC_INFERENCE = On;
				SWIFT_VERSION = 4.2;
				TEST_HOST = "$(BUILT_PRODUCTS_DIR)/AgilePoker.app/AgilePoker";
			};
			name = Release;
		};
		664C586F1EFED185007C5085 /* Debug */ = {
			isa = XCBuildConfiguration;
			baseConfigurationReference = EA2FD15A496A9B03737D3654 /* Pods-AgilePokerUITests.debug.xcconfig */;
			buildSettings = {
				ALWAYS_EMBED_SWIFT_STANDARD_LIBRARIES = YES;
				DEVELOPMENT_TEAM = AAG9GT5WNC;
				INFOPLIST_FILE = AgilePokerUITests/Info.plist;
				LD_RUNPATH_SEARCH_PATHS = "$(inherited) @executable_path/Frameworks @loader_path/Frameworks";
				PRODUCT_BUNDLE_IDENTIFIER = com.rocksolidbits.AgilePokerUITests;
				PRODUCT_NAME = "$(TARGET_NAME)";
				SWIFT_SWIFT3_OBJC_INFERENCE = On;
				SWIFT_VERSION = 4.2;
				TEST_TARGET_NAME = AgilePoker;
			};
			name = Debug;
		};
		664C58701EFED185007C5085 /* Release */ = {
			isa = XCBuildConfiguration;
			baseConfigurationReference = 0D04A4AC26B09DC467861D2A /* Pods-AgilePokerUITests.release.xcconfig */;
			buildSettings = {
				ALWAYS_EMBED_SWIFT_STANDARD_LIBRARIES = YES;
				DEVELOPMENT_TEAM = AAG9GT5WNC;
				INFOPLIST_FILE = AgilePokerUITests/Info.plist;
				LD_RUNPATH_SEARCH_PATHS = "$(inherited) @executable_path/Frameworks @loader_path/Frameworks";
				PRODUCT_BUNDLE_IDENTIFIER = com.rocksolidbits.AgilePokerUITests;
				PRODUCT_NAME = "$(TARGET_NAME)";
				SWIFT_SWIFT3_OBJC_INFERENCE = On;
				SWIFT_VERSION = 4.2;
				TEST_TARGET_NAME = AgilePoker;
			};
			name = Release;
		};
/* End XCBuildConfiguration section */

/* Begin XCConfigurationList section */
		664C583B1EFED185007C5085 /* Build configuration list for PBXProject "AgilePoker" */ = {
			isa = XCConfigurationList;
			buildConfigurations = (
				664C58661EFED185007C5085 /* Debug */,
				664C58671EFED185007C5085 /* Release */,
			);
			defaultConfigurationIsVisible = 0;
			defaultConfigurationName = Release;
		};
		664C58681EFED185007C5085 /* Build configuration list for PBXNativeTarget "AgilePoker" */ = {
			isa = XCConfigurationList;
			buildConfigurations = (
				664C58691EFED185007C5085 /* Debug */,
				664C586A1EFED185007C5085 /* Release */,
			);
			defaultConfigurationIsVisible = 0;
			defaultConfigurationName = Release;
		};
		664C586B1EFED185007C5085 /* Build configuration list for PBXNativeTarget "AgilePokerTests" */ = {
			isa = XCConfigurationList;
			buildConfigurations = (
				664C586C1EFED185007C5085 /* Debug */,
				664C586D1EFED185007C5085 /* Release */,
			);
			defaultConfigurationIsVisible = 0;
			defaultConfigurationName = Release;
		};
		664C586E1EFED185007C5085 /* Build configuration list for PBXNativeTarget "AgilePokerUITests" */ = {
			isa = XCConfigurationList;
			buildConfigurations = (
				664C586F1EFED185007C5085 /* Debug */,
				664C58701EFED185007C5085 /* Release */,
			);
			defaultConfigurationIsVisible = 0;
			defaultConfigurationName = Release;
		};
/* End XCConfigurationList section */
	};
	rootObject = 664C58381EFED185007C5085 /* Project object */;
}
